
Microsoft Visual Studio Solution File, Format Version 12.00
# Visual Studio Version 16
VisualStudioVersion = 16.0.30517.126
MinimumVisualStudioVersion = 10.0.40219.1
Project("{FAE04EC0-301F-11D3-BF4B-00C04F79EFBC}") = "ERP-Programming", "ERP-Programming.csproj", "{B7E0B8D9-4348-48FD-AF4F-1494657DA6EE}"
EndProject
Global
	GlobalSection(SolutionConfigurationPlatforms) = preSolution
		Debug|Any CPU = Debug|Any CPU
		Release|Any CPU = Release|Any CPU
	EndGlobalSection
	GlobalSection(ProjectConfigurationPlatforms) = postSolution
		{B7E0B8D9-4348-48FD-AF4F-1494657DA6EE}.Debug|Any CPU.ActiveCfg = Debug|Any CPU
		{B7E0B8D9-4348-48FD-AF4F-1494657DA6EE}.Debug|Any CPU.Build.0 = Debug|Any CPU
		{B7E0B8D9-4348-48FD-AF4F-1494657DA6EE}.Release|Any CPU.ActiveCfg = Release|Any CPU
		{B7E0B8D9-4348-48FD-AF4F-1494657DA6EE}.Release|Any CPU.Build.0 = Release|Any CPU
	EndGlobalSection
	GlobalSection(SolutionProperties) = preSolution
		HideSolutionNode = FALSE
	EndGlobalSection
	GlobalSection(ExtensibilityGlobals) = postSolution
		SolutionGuid = {C0AD5EE3-1C77-43D8-83D1-07777523CF4B}
	EndGlobalSection
EndGlobal
